# Generated by pub
# See http://pub.dartlang.org/doc/glossary.html#lockfile
packages:
  analyzer_experimental:
    description: analyzer_experimental
    source: hosted
    version: "0.6.3+1"
  args:
    description: args
    source: hosted
    version: "0.6.3+1"
  bot:
    description: bot
    source: hosted
    version: "0.22.1"
  bot_io:
    description: bot_io
    source: hosted
    version: "0.21.3"
  bot_web:
    description: bot_web
    source: hosted
    version: "0.20.2"
  browser:
    description: browser
    source: hosted
    version: "0.6.3+1"
  crypto:
    description: crypto
    source: hosted
    version: "0.6.3+1"
  csslib:
    description: csslib
    source: hosted
    version: "0.4.7+7"
  google_drive_v2_api:
    description: google_drive_v2_api
    source: hosted
    version: "0.1.8"
  google_oauth2_client:
    description: google_oauth2_client
    source: hosted
    version: "0.2.15"
  google_oauth2_v2_api:
    description: google_oauth2_v2_api
    source: hosted
    version: "0.1.8"
  hop:
    description: hop
    source: hosted
    version: "0.23.0"
  html5lib:
    description: html5lib
    source: hosted
    version: "0.4.3"
  http:
    description: http
    source: hosted
    version: "0.6.3+1"
  intl:
    description: intl
    source: hosted
    version: "0.6.3+1"
  js:
    description: js
    source: hosted
    version: "0.0.23"
  logging:
    description: logging
    source: hosted
    version: "0.6.3+1"
  meta:
    description: meta
    source: hosted
    version: "0.6.3+1"
  oauth2:
    description: oauth2
    source: hosted
    version: "0.6.3+1"
  pathos:
    description: pathos
    source: hosted
    version: "0.6.3+1"
  source_maps:
    description: source_maps
    source: hosted
    version: "0.6.3+3"
  unittest:
    description: unittest
    source: hosted
    version: "0.6.3+1"
  web_ui:
    description: web_ui
    source: hosted
    version: "0.4.14"
  widget:
    description: widget
    source: hosted
    version: "0.2.6+1"
